
Microsoft Visual Studio Solution File, Format Version 12.00
# Visual Studio 15
Project("{FAE04EC0-301F-11D3-BF4B-00C04F79EFBC}") = "Task1", "Task1\Task1.csproj", "{4C6159B8-C2D6-4E9A-953F-91F97C38E1B9}"
EndProject
Project("{FAE04EC0-301F-11D3-BF4B-00C04F79EFBC}") = "Task1.Tests", "..\Task1.Tests\Task1.Tests.csproj", "{9FA3E125-C376-4EC5-AB70-81A908B5C9F3}"
EndProject
Global
	GlobalSection(SolutionConfigurationPlatforms) = preSolution
		Debug|Any CPU = Debug|Any CPU
		Release|Any CPU = Release|Any CPU
	EndGlobalSection
	GlobalSection(ProjectConfigurationPlatforms) = postSolution
		{4C6159B8-C2D6-4E9A-953F-91F97C38E1B9}.Debug|Any CPU.ActiveCfg = Debug|Any CPU
		{4C6159B8-C2D6-4E9A-953F-91F97C38E1B9}.Debug|Any CPU.Build.0 = Debug|Any CPU
		{4C6159B8-C2D6-4E9A-953F-91F97C38E1B9}.Release|Any CPU.ActiveCfg = Release|Any CPU
		{4C6159B8-C2D6-4E9A-953F-91F97C38E1B9}.Release|Any CPU.Build.0 = Release|Any CPU
		{9FA3E125-C376-4EC5-AB70-81A908B5C9F3}.Debug|Any CPU.ActiveCfg = Debug|Any CPU
		{9FA3E125-C376-4EC5-AB70-81A908B5C9F3}.Debug|Any CPU.Build.0 = Debug|Any CPU
		{9FA3E125-C376-4EC5-AB70-81A908B5C9F3}.Release|Any CPU.ActiveCfg = Release|Any CPU
		{9FA3E125-C376-4EC5-AB70-81A908B5C9F3}.Release|Any CPU.Build.0 = Release|Any CPU
	EndGlobalSection
EndGlobal
