
Microsoft Visual Studio Solution File, Format Version 12.00
# Visual Studio 15
Project("{FAE04EC0-301F-11D3-BF4B-00C04F79EFBC}") = "Task1", "Task1.csproj", "{C49D799E-EE43-4260-AAC8-A57BECFD0027}"
EndProject
Global
	GlobalSection(SolutionConfigurationPlatforms) = preSolution
		Debug|Any CPU = Debug|Any CPU
		Release|Any CPU = Release|Any CPU
	EndGlobalSection
	GlobalSection(ProjectConfigurationPlatforms) = postSolution
		{C49D799E-EE43-4260-AAC8-A57BECFD0027}.Debug|Any CPU.ActiveCfg = Debug|Any CPU
		{C49D799E-EE43-4260-AAC8-A57BECFD0027}.Debug|Any CPU.Build.0 = Debug|Any CPU
		{C49D799E-EE43-4260-AAC8-A57BECFD0027}.Release|Any CPU.ActiveCfg = Release|Any CPU
		{C49D799E-EE43-4260-AAC8-A57BECFD0027}.Release|Any CPU.Build.0 = Release|Any CPU
	EndGlobalSection
EndGlobal
